
Microsoft Visual Studio Solution File, Format Version 12.00
# Visual Studio Version 17
VisualStudioVersion = 17.0.31903.59
MinimumVisualStudioVersion = 10.0.40219.1
Project("{2150E333-8FDC-42A3-9474-1A3956D46DE8}") = "src", "src", "{827E0CD3-B72D-47B6-A68D-7590B98EB39B}"
EndProject
Project("{FAE04EC0-301F-11D3-BF4B-00C04F79EFBC}") = "MangaERP.Api", "src\MangaERP.Api\MangaERP.Api.csproj", "{2F32C9BC-319B-4774-B7A2-FD8FEBE30AD5}"
EndProject
Project("{2150E333-8FDC-42A3-9474-1A3956D46DE8}") = "Shared", "Shared", "{C8E42992-5E42-0C2B-DBFE-AA848D06431C}"
EndProject
Project("{FAE04EC0-301F-11D3-BF4B-00C04F79EFBC}") = "MangaERP.Shared.Domain", "src\Shared\MangaERP.Shared.Domain\MangaERP.Shared.Domain.csproj", "{361D2A6E-EE81-49DF-AED6-EC8BD0AA1C24}"
EndProject
Project("{FAE04EC0-301F-11D3-BF4B-00C04F79EFBC}") = "MangaERP.Shared.Application", "src\Shared\MangaERP.Shared.Application\MangaERP.Shared.Application.csproj", "{D49D7B85-BD22-4813-8210-9AC7BD5E6FF2}"
EndProject
Project("{FAE04EC0-301F-11D3-BF4B-00C04F79EFBC}") = "MangaERP.Shared.Infrastructure", "src\Shared\MangaERP.Shared.Infrastructure\MangaERP.Shared.Infrastructure.csproj", "{CC5D86AB-5012-4130-8536-37BB21C16EF6}"
EndProject
Project("{2150E333-8FDC-42A3-9474-1A3956D46DE8}") = "Modules", "Modules", "{EC447DCF-ABFA-6E24-52A5-D7FD48A5C558}"
EndProject
Project("{FAE04EC0-301F-11D3-BF4B-00C04F79EFBC}") = "MangaERP.Identity", "src\Modules\MangaERP.Identity\MangaERP.Identity.csproj", "{88CEEAA3-CFF0-4641-AD7A-F3383D4899B6}"
EndProject
Project("{FAE04EC0-301F-11D3-BF4B-00C04F79EFBC}") = "MangaERP.Submission", "src\Modules\MangaERP.Submission\MangaERP.Submission.csproj", "{EDE3AF5A-F031-4054-BDB3-BCB8E2000538}"
EndProject
Project("{FAE04EC0-301F-11D3-BF4B-00C04F79EFBC}") = "MangaERP.Series", "src\Modules\MangaERP.Series\MangaERP.Series.csproj", "{5617A1B2-DA4D-40C1-BAB8-4AAF22C74AC5}"
EndProject
Project("{FAE04EC0-301F-11D3-BF4B-00C04F79EFBC}") = "MangaERP.Chapter", "src\Modules\MangaERP.Chapter\MangaERP.Chapter.csproj", "{8EE1B85F-EE41-4D01-82FB-CFB7588CDDE5}"
EndProject
Project("{FAE04EC0-301F-11D3-BF4B-00C04F79EFBC}") = "MangaERP.Task", "src\Modules\MangaERP.Task\MangaERP.Task.csproj", "{FA6B2495-AC75-47FA-9914-03737C9A4949}"
EndProject
Project("{FAE04EC0-301F-11D3-BF4B-00C04F79EFBC}") = "MangaERP.QA", "src\Modules\MangaERP.QA\MangaERP.QA.csproj", "{70DA0B73-1B32-474F-8DB1-28E50E13A91F}"
EndProject
Project("{FAE04EC0-301F-11D3-BF4B-00C04F79EFBC}") = "MangaERP.Publishing", "src\Modules\MangaERP.Publishing\MangaERP.Publishing.csproj", "{F39B82C7-AE7C-4CF6-903F-662C9290EEF0}"
EndProject
Project("{FAE04EC0-301F-11D3-BF4B-00C04F79EFBC}") = "MangaERP.Ranking", "src\Modules\MangaERP.Ranking\MangaERP.Ranking.csproj", "{07195663-BBE2-46B8-8341-D76E07E935B7}"
EndProject
Global
	GlobalSection(SolutionConfigurationPlatforms) = preSolution
		Debug|Any CPU = Debug|Any CPU
		Debug|x64 = Debug|x64
		Debug|x86 = Debug|x86
		Release|Any CPU = Release|Any CPU
		Release|x64 = Release|x64
		Release|x86 = Release|x86
	EndGlobalSection
	GlobalSection(ProjectConfigurationPlatforms) = postSolution
		{2F32C9BC-319B-4774-B7A2-FD8FEBE30AD5}.Debug|Any CPU.ActiveCfg = Debug|Any CPU
		{2F32C9BC-319B-4774-B7A2-FD8FEBE30AD5}.Debug|Any CPU.Build.0 = Debug|Any CPU
		{2F32C9BC-319B-4774-B7A2-FD8FEBE30AD5}.Debug|x64.ActiveCfg = Debug|Any CPU
		{2F32C9BC-319B-4774-B7A2-FD8FEBE30AD5}.Debug|x64.Build.0 = Debug|Any CPU
		{2F32C9BC-319B-4774-B7A2-FD8FEBE30AD5}.Debug|x86.ActiveCfg = Debug|Any CPU
		{2F32C9BC-319B-4774-B7A2-FD8FEBE30AD5}.Debug|x86.Build.0 = Debug|Any CPU
		{2F32C9BC-319B-4774-B7A2-FD8FEBE30AD5}.Release|Any CPU.ActiveCfg = Release|Any CPU
		{2F32C9BC-319B-4774-B7A2-FD8FEBE30AD5}.Release|Any CPU.Build.0 = Release|Any CPU
		{2F32C9BC-319B-4774-B7A2-FD8FEBE30AD5}.Release|x64.ActiveCfg = Release|Any CPU
		{2F32C9BC-319B-4774-B7A2-FD8FEBE30AD5}.Release|x64.Build.0 = Release|Any CPU
		{2F32C9BC-319B-4774-B7A2-FD8FEBE30AD5}.Release|x86.ActiveCfg = Release|Any CPU
		{2F32C9BC-319B-4774-B7A2-FD8FEBE30AD5}.Release|x86.Build.0 = Release|Any CPU
		{361D2A6E-EE81-49DF-AED6-EC8BD0AA1C24}.Debug|Any CPU.ActiveCfg = Debug|Any CPU
		{361D2A6E-EE81-49DF-AED6-EC8BD0AA1C24}.Debug|Any CPU.Build.0 = Debug|Any CPU
		{361D2A6E-EE81-49DF-AED6-EC8BD0AA1C24}.Debug|x64.ActiveCfg = Debug|Any CPU
		{361D2A6E-EE81-49DF-AED6-EC8BD0AA1C24}.Debug|x64.Build.0 = Debug|Any CPU
		{361D2A6E-EE81-49DF-AED6-EC8BD0AA1C24}.Debug|x86.ActiveCfg = Debug|Any CPU
		{361D2A6E-EE81-49DF-AED6-EC8BD0AA1C24}.Debug|x86.Build.0 = Debug|Any CPU
		{361D2A6E-EE81-49DF-AED6-EC8BD0AA1C24}.Release|Any CPU.ActiveCfg = Release|Any CPU
		{361D2A6E-EE81-49DF-AED6-EC8BD0AA1C24}.Release|Any CPU.Build.0 = Release|Any CPU
		{361D2A6E-EE81-49DF-AED6-EC8BD0AA1C24}.Release|x64.ActiveCfg = Release|Any CPU
		{361D2A6E-EE81-49DF-AED6-EC8BD0AA1C24}.Release|x64.Build.0 = Release|Any CPU
		{361D2A6E-EE81-49DF-AED6-EC8BD0AA1C24}.Release|x86.ActiveCfg = Release|Any CPU
		{361D2A6E-EE81-49DF-AED6-EC8BD0AA1C24}.Release|x86.Build.0 = Release|Any CPU
		{D49D7B85-BD22-4813-8210-9AC7BD5E6FF2}.Debug|Any CPU.ActiveCfg = Debug|Any CPU
		{D49D7B85-BD22-4813-8210-9AC7BD5E6FF2}.Debug|Any CPU.Build.0 = Debug|Any CPU
		{D49D7B85-BD22-4813-8210-9AC7BD5E6FF2}.Debug|x64.ActiveCfg = Debug|Any CPU
		{D49D7B85-BD22-4813-8210-9AC7BD5E6FF2}.Debug|x64.Build.0 = Debug|Any CPU
		{D49D7B85-BD22-4813-8210-9AC7BD5E6FF2}.Debug|x86.ActiveCfg = Debug|Any CPU
		{D49D7B85-BD22-4813-8210-9AC7BD5E6FF2}.Debug|x86.Build.0 = Debug|Any CPU
		{D49D7B85-BD22-4813-8210-9AC7BD5E6FF2}.Release|Any CPU.ActiveCfg = Release|Any CPU
		{D49D7B85-BD22-4813-8210-9AC7BD5E6FF2}.Release|Any CPU.Build.0 = Release|Any CPU
		{D49D7B85-BD22-4813-8210-9AC7BD5E6FF2}.Release|x64.ActiveCfg = Release|Any CPU
		{D49D7B85-BD22-4813-8210-9AC7BD5E6FF2}.Release|x64.Build.0 = Release|Any CPU
		{D49D7B85-BD22-4813-8210-9AC7BD5E6FF2}.Release|x86.ActiveCfg = Release|Any CPU
		{D49D7B85-BD22-4813-8210-9AC7BD5E6FF2}.Release|x86.Build.0 = Release|Any CPU
		{CC5D86AB-5012-4130-8536-37BB21C16EF6}.Debug|Any CPU.ActiveCfg = Debug|Any CPU
		{CC5D86AB-5012-4130-8536-37BB21C16EF6}.Debug|Any CPU.Build.0 = Debug|Any CPU
		{CC5D86AB-5012-4130-8536-37BB21C16EF6}.Debug|x64.ActiveCfg = Debug|Any CPU
		{CC5D86AB-5012-4130-8536-37BB21C16EF6}.Debug|x64.Build.0 = Debug|Any CPU
		{CC5D86AB-5012-4130-8536-37BB21C16EF6}.Debug|x86.ActiveCfg = Debug|Any CPU
		{CC5D86AB-5012-4130-8536-37BB21C16EF6}.Debug|x86.Build.0 = Debug|Any CPU
		{CC5D86AB-5012-4130-8536-37BB21C16EF6}.Release|Any CPU.ActiveCfg = Release|Any CPU
		{CC5D86AB-5012-4130-8536-37BB21C16EF6}.Release|Any CPU.Build.0 = Release|Any CPU
		{CC5D86AB-5012-4130-8536-37BB21C16EF6}.Release|x64.ActiveCfg = Release|Any CPU
		{CC5D86AB-5012-4130-8536-37BB21C16EF6}.Release|x64.Build.0 = Release|Any CPU
		{CC5D86AB-5012-4130-8536-37BB21C16EF6}.Release|x86.ActiveCfg = Release|Any CPU
		{CC5D86AB-5012-4130-8536-37BB21C16EF6}.Release|x86.Build.0 = Release|Any CPU
		{88CEEAA3-CFF0-4641-AD7A-F3383D4899B6}.Debug|Any CPU.ActiveCfg = Debug|Any CPU
		{88CEEAA3-CFF0-4641-AD7A-F3383D4899B6}.Debug|Any CPU.Build.0 = Debug|Any CPU
		{88CEEAA3-CFF0-4641-AD7A-F3383D4899B6}.Debug|x64.ActiveCfg = Debug|Any CPU
		{88CEEAA3-CFF0-4641-AD7A-F3383D4899B6}.Debug|x64.Build.0 = Debug|Any CPU
		{88CEEAA3-CFF0-4641-AD7A-F3383D4899B6}.Debug|x86.ActiveCfg = Debug|Any CPU
		{88CEEAA3-CFF0-4641-AD7A-F3383D4899B6}.Debug|x86.Build.0 = Debug|Any CPU
		{88CEEAA3-CFF0-4641-AD7A-F3383D4899B6}.Release|Any CPU.ActiveCfg = Release|Any CPU
		{88CEEAA3-CFF0-4641-AD7A-F3383D4899B6}.Release|Any CPU.Build.0 = Release|Any CPU
		{88CEEAA3-CFF0-4641-AD7A-F3383D4899B6}.Release|x64.ActiveCfg = Release|Any CPU
		{88CEEAA3-CFF0-4641-AD7A-F3383D4899B6}.Release|x64.Build.0 = Release|Any CPU
		{88CEEAA3-CFF0-4641-AD7A-F3383D4899B6}.Release|x86.ActiveCfg = Release|Any CPU
		{88CEEAA3-CFF0-4641-AD7A-F3383D4899B6}.Release|x86.Build.0 = Release|Any CPU
		{EDE3AF5A-F031-4054-BDB3-BCB8E2000538}.Debug|Any CPU.ActiveCfg = Debug|Any CPU
		{EDE3AF5A-F031-4054-BDB3-BCB8E2000538}.Debug|Any CPU.Build.0 = Debug|Any CPU
		{EDE3AF5A-F031-4054-BDB3-BCB8E2000538}.Debug|x64.ActiveCfg = Debug|Any CPU
		{EDE3AF5A-F031-4054-BDB3-BCB8E2000538}.Debug|x64.Build.0 = Debug|Any CPU
		{EDE3AF5A-F031-4054-BDB3-BCB8E2000538}.Debug|x86.ActiveCfg = Debug|Any CPU
		{EDE3AF5A-F031-4054-BDB3-BCB8E2000538}.Debug|x86.Build.0 = Debug|Any CPU
		{EDE3AF5A-F031-4054-BDB3-BCB8E2000538}.Release|Any CPU.ActiveCfg = Release|Any CPU
		{EDE3AF5A-F031-4054-BDB3-BCB8E2000538}.Release|Any CPU.Build.0 = Release|Any CPU
		{EDE3AF5A-F031-4054-BDB3-BCB8E2000538}.Release|x64.ActiveCfg = Release|Any CPU
		{EDE3AF5A-F031-4054-BDB3-BCB8E2000538}.Release|x64.Build.0 = Release|Any CPU
		{EDE3AF5A-F031-4054-BDB3-BCB8E2000538}.Release|x86.ActiveCfg = Release|Any CPU
		{EDE3AF5A-F031-4054-BDB3-BCB8E2000538}.Release|x86.Build.0 = Release|Any CPU
		{5617A1B2-DA4D-40C1-BAB8-4AAF22C74AC5}.Debug|Any CPU.ActiveCfg = Debug|Any CPU
		{5617A1B2-DA4D-40C1-BAB8-4AAF22C74AC5}.Debug|Any CPU.Build.0 = Debug|Any CPU
		{5617A1B2-DA4D-40C1-BAB8-4AAF22C74AC5}.Debug|x64.ActiveCfg = Debug|Any CPU
		{5617A1B2-DA4D-40C1-BAB8-4AAF22C74AC5}.Debug|x64.Build.0 = Debug|Any CPU
		{5617A1B2-DA4D-40C1-BAB8-4AAF22C74AC5}.Debug|x86.ActiveCfg = Debug|Any CPU
		{5617A1B2-DA4D-40C1-BAB8-4AAF22C74AC5}.Debug|x86.Build.0 = Debug|Any CPU
		{5617A1B2-DA4D-40C1-BAB8-4AAF22C74AC5}.Release|Any CPU.ActiveCfg = Release|Any CPU
		{5617A1B2-DA4D-40C1-BAB8-4AAF22C74AC5}.Release|Any CPU.Build.0 = Release|Any CPU
		{5617A1B2-DA4D-40C1-BAB8-4AAF22C74AC5}.Release|x64.ActiveCfg = Release|Any CPU
		{5617A1B2-DA4D-40C1-BAB8-4AAF22C74AC5}.Release|x64.Build.0 = Release|Any CPU
		{5617A1B2-DA4D-40C1-BAB8-4AAF22C74AC5}.Release|x86.ActiveCfg = Release|Any CPU
		{5617A1B2-DA4D-40C1-BAB8-4AAF22C74AC5}.Release|x86.Build.0 = Release|Any CPU
		{8EE1B85F-EE41-4D01-82FB-CFB7588CDDE5}.Debug|Any CPU.ActiveCfg = Debug|Any CPU
		{8EE1B85F-EE41-4D01-82FB-CFB7588CDDE5}.Debug|Any CPU.Build.0 = Debug|Any CPU
		{8EE1B85F-EE41-4D01-82FB-CFB7588CDDE5}.Debug|x64.ActiveCfg = Debug|Any CPU
		{8EE1B85F-EE41-4D01-82FB-CFB7588CDDE5}.Debug|x64.Build.0 = Debug|Any CPU
		{8EE1B85F-EE41-4D01-82FB-CFB7588CDDE5}.Debug|x86.ActiveCfg = Debug|Any CPU
		{8EE1B85F-EE41-4D01-82FB-CFB7588CDDE5}.Debug|x86.Build.0 = Debug|Any CPU
		{8EE1B85F-EE41-4D01-82FB-CFB7588CDDE5}.Release|Any CPU.ActiveCfg = Release|Any CPU
		{8EE1B85F-EE41-4D01-82FB-CFB7588CDDE5}.Release|Any CPU.Build.0 = Release|Any CPU
		{8EE1B85F-EE41-4D01-82FB-CFB7588CDDE5}.Release|x64.ActiveCfg = Release|Any CPU
		{8EE1B85F-EE41-4D01-82FB-CFB7588CDDE5}.Release|x64.Build.0 = Release|Any CPU
		{8EE1B85F-EE41-4D01-82FB-CFB7588CDDE5}.Release|x86.ActiveCfg = Release|Any CPU
		{8EE1B85F-EE41-4D01-82FB-CFB7588CDDE5}.Release|x86.Build.0 = Release|Any CPU
		{FA6B2495-AC75-47FA-9914-03737C9A4949}.Debug|Any CPU.ActiveCfg = Debug|Any CPU
		{FA6B2495-AC75-47FA-9914-03737C9A4949}.Debug|Any CPU.Build.0 = Debug|Any CPU
		{FA6B2495-AC75-47FA-9914-03737C9A4949}.Debug|x64.ActiveCfg = Debug|Any CPU
		{FA6B2495-AC75-47FA-9914-03737C9A4949}.Debug|x64.Build.0 = Debug|Any CPU
		{FA6B2495-AC75-47FA-9914-03737C9A4949}.Debug|x86.ActiveCfg = Debug|Any CPU
		{FA6B2495-AC75-47FA-9914-03737C9A4949}.Debug|x86.Build.0 = Debug|Any CPU
		{FA6B2495-AC75-47FA-9914-03737C9A4949}.Release|Any CPU.ActiveCfg = Release|Any CPU
		{FA6B2495-AC75-47FA-9914-03737C9A4949}.Release|Any CPU.Build.0 = Release|Any CPU
		{FA6B2495-AC75-47FA-9914-03737C9A4949}.Release|x64.ActiveCfg = Release|Any CPU
		{FA6B2495-AC75-47FA-9914-03737C9A4949}.Release|x64.Build.0 = Release|Any CPU
		{FA6B2495-AC75-47FA-9914-03737C9A4949}.Release|x86.ActiveCfg = Release|Any CPU
		{FA6B2495-AC75-47FA-9914-03737C9A4949}.Release|x86.Build.0 = Release|Any CPU
		{70DA0B73-1B32-474F-8DB1-28E50E13A91F}.Debug|Any CPU.ActiveCfg = Debug|Any CPU
		{70DA0B73-1B32-474F-8DB1-28E50E13A91F}.Debug|Any CPU.Build.0 = Debug|Any CPU
		{70DA0B73-1B32-474F-8DB1-28E50E13A91F}.Debug|x64.ActiveCfg = Debug|Any CPU
		{70DA0B73-1B32-474F-8DB1-28E50E13A91F}.Debug|x64.Build.0 = Debug|Any CPU
		{70DA0B73-1B32-474F-8DB1-28E50E13A91F}.Debug|x86.ActiveCfg = Debug|Any CPU
		{70DA0B73-1B32-474F-8DB1-28E50E13A91F}.Debug|x86.Build.0 = Debug|Any CPU
		{70DA0B73-1B32-474F-8DB1-28E50E13A91F}.Release|Any CPU.ActiveCfg = Release|Any CPU
		{70DA0B73-1B32-474F-8DB1-28E50E13A91F}.Release|Any CPU.Build.0 = Release|Any CPU
		{70DA0B73-1B32-474F-8DB1-28E50E13A91F}.Release|x64.ActiveCfg = Release|Any CPU
		{70DA0B73-1B32-474F-8DB1-28E50E13A91F}.Release|x64.Build.0 = Release|Any CPU
		{70DA0B73-1B32-474F-8DB1-28E50E13A91F}.Release|x86.ActiveCfg = Release|Any CPU
		{70DA0B73-1B32-474F-8DB1-28E50E13A91F}.Release|x86.Build.0 = Release|Any CPU
		{F39B82C7-AE7C-4CF6-903F-662C9290EEF0}.Debug|Any CPU.ActiveCfg = Debug|Any CPU
		{F39B82C7-AE7C-4CF6-903F-662C9290EEF0}.Debug|Any CPU.Build.0 = Debug|Any CPU
		{F39B82C7-AE7C-4CF6-903F-662C9290EEF0}.Debug|x64.ActiveCfg = Debug|Any CPU
		{F39B82C7-AE7C-4CF6-903F-662C9290EEF0}.Debug|x64.Build.0 = Debug|Any CPU
		{F39B82C7-AE7C-4CF6-903F-662C9290EEF0}.Debug|x86.ActiveCfg = Debug|Any CPU
		{F39B82C7-AE7C-4CF6-903F-662C9290EEF0}.Debug|x86.Build.0 = Debug|Any CPU
		{F39B82C7-AE7C-4CF6-903F-662C9290EEF0}.Release|Any CPU.ActiveCfg = Release|Any CPU
		{F39B82C7-AE7C-4CF6-903F-662C9290EEF0}.Release|Any CPU.Build.0 = Release|Any CPU
		{F39B82C7-AE7C-4CF6-903F-662C9290EEF0}.Release|x64.ActiveCfg = Release|Any CPU
		{F39B82C7-AE7C-4CF6-903F-662C9290EEF0}.Release|x64.Build.0 = Release|Any CPU
		{F39B82C7-AE7C-4CF6-903F-662C9290EEF0}.Release|x86.ActiveCfg = Release|Any CPU
		{F39B82C7-AE7C-4CF6-903F-662C9290EEF0}.Release|x86.Build.0 = Release|Any CPU
		{07195663-BBE2-46B8-8341-D76E07E935B7}.Debug|Any CPU.ActiveCfg = Debug|Any CPU
		{07195663-BBE2-46B8-8341-D76E07E935B7}.Debug|Any CPU.Build.0 = Debug|Any CPU
		{07195663-BBE2-46B8-8341-D76E07E935B7}.Debug|x64.ActiveCfg = Debug|Any CPU
		{07195663-BBE2-46B8-8341-D76E07E935B7}.Debug|x64.Build.0 = Debug|Any CPU
		{07195663-BBE2-46B8-8341-D76E07E935B7}.Debug|x86.ActiveCfg = Debug|Any CPU
		{07195663-BBE2-46B8-8341-D76E07E935B7}.Debug|x86.Build.0 = Debug|Any CPU
		{07195663-BBE2-46B8-8341-D76E07E935B7}.Release|Any CPU.ActiveCfg = Release|Any CPU
		{07195663-BBE2-46B8-8341-D76E07E935B7}.Release|Any CPU.Build.0 = Release|Any CPU
		{07195663-BBE2-46B8-8341-D76E07E935B7}.Release|x64.ActiveCfg = Release|Any CPU
		{07195663-BBE2-46B8-8341-D76E07E935B7}.Release|x64.Build.0 = Release|Any CPU
		{07195663-BBE2-46B8-8341-D76E07E935B7}.Release|x86.ActiveCfg = Release|Any CPU
		{07195663-BBE2-46B8-8341-D76E07E935B7}.Release|x86.Build.0 = Release|Any CPU
	EndGlobalSection
	GlobalSection(SolutionProperties) = preSolution
		HideSolutionNode = FALSE
	EndGlobalSection
	GlobalSection(NestedProjects) = preSolution
		{2F32C9BC-319B-4774-B7A2-FD8FEBE30AD5} = {827E0CD3-B72D-47B6-A68D-7590B98EB39B}
		{C8E42992-5E42-0C2B-DBFE-AA848D06431C} = {827E0CD3-B72D-47B6-A68D-7590B98EB39B}
		{361D2A6E-EE81-49DF-AED6-EC8BD0AA1C24} = {C8E42992-5E42-0C2B-DBFE-AA848D06431C}
		{D49D7B85-BD22-4813-8210-9AC7BD5E6FF2} = {C8E42992-5E42-0C2B-DBFE-AA848D06431C}
		{CC5D86AB-5012-4130-8536-37BB21C16EF6} = {C8E42992-5E42-0C2B-DBFE-AA848D06431C}
		{EC447DCF-ABFA-6E24-52A5-D7FD48A5C558} = {827E0CD3-B72D-47B6-A68D-7590B98EB39B}
		{88CEEAA3-CFF0-4641-AD7A-F3383D4899B6} = {EC447DCF-ABFA-6E24-52A5-D7FD48A5C558}
		{EDE3AF5A-F031-4054-BDB3-BCB8E2000538} = {EC447DCF-ABFA-6E24-52A5-D7FD48A5C558}
		{5617A1B2-DA4D-40C1-BAB8-4AAF22C74AC5} = {EC447DCF-ABFA-6E24-52A5-D7FD48A5C558}
		{8EE1B85F-EE41-4D01-82FB-CFB7588CDDE5} = {EC447DCF-ABFA-6E24-52A5-D7FD48A5C558}
		{FA6B2495-AC75-47FA-9914-03737C9A4949} = {EC447DCF-ABFA-6E24-52A5-D7FD48A5C558}
		{70DA0B73-1B32-474F-8DB1-28E50E13A91F} = {EC447DCF-ABFA-6E24-52A5-D7FD48A5C558}
		{F39B82C7-AE7C-4CF6-903F-662C9290EEF0} = {EC447DCF-ABFA-6E24-52A5-D7FD48A5C558}
		{07195663-BBE2-46B8-8341-D76E07E935B7} = {EC447DCF-ABFA-6E24-52A5-D7FD48A5C558}
	EndGlobalSection
EndGlobal
